
Microsoft Visual Studio Solution File, Format Version 12.00
# Visual Studio 15
VisualStudioVersion = 15.0.28307.705
MinimumVisualStudioVersion = 10.0.40219.1
Project("{8BC9CEB8-8B4A-11D0-8D11-00A0C91BC942}") = "日期类的使用", "日期类的使用\日期类的使用.vcxproj", "{CFEF4DBB-DBAD-4D01-979B-CC60854C3842}"
EndProject
Global
	GlobalSection(SolutionConfigurationPlatforms) = preSolution
		Debug|x64 = Debug|x64
		Debug|x86 = Debug|x86
		Release|x64 = Release|x64
		Release|x86 = Release|x86
	EndGlobalSection
	GlobalSection(ProjectConfigurationPlatforms) = postSolution
		{CFEF4DBB-DBAD-4D01-979B-CC60854C3842}.Debug|x64.ActiveCfg = Debug|x64
		{CFEF4DBB-DBAD-4D01-979B-CC60854C3842}.Debug|x64.Build.0 = Debug|x64
		{CFEF4DBB-DBAD-4D01-979B-CC60854C3842}.Debug|x86.ActiveCfg = Debug|Win32
		{CFEF4DBB-DBAD-4D01-979B-CC60854C3842}.Debug|x86.Build.0 = Debug|Win32
		{CFEF4DBB-DBAD-4D01-979B-CC60854C3842}.Release|x64.ActiveCfg = Release|x64
		{CFEF4DBB-DBAD-4D01-979B-CC60854C3842}.Release|x64.Build.0 = Release|x64
		{CFEF4DBB-DBAD-4D01-979B-CC60854C3842}.Release|x86.ActiveCfg = Release|Win32
		{CFEF4DBB-DBAD-4D01-979B-CC60854C3842}.Release|x86.Build.0 = Release|Win32
	EndGlobalSection
	GlobalSection(SolutionProperties) = preSolution
		HideSolutionNode = FALSE
	EndGlobalSection
	GlobalSection(ExtensibilityGlobals) = postSolution
		SolutionGuid = {ECAFCE64-2ED0-4455-A17E-CB8EBACBE8D4}
	EndGlobalSection
EndGlobal
